# This file is automatically @generated by Cargo.
# It is not intended for manual editing.
version = 3

[[package]]
name = "aho-corasick"
version = "0.7.18"
source = "registry+https://github.com/rust-lang/crates.io-index"
checksum = "1e37cfd5e7657ada45f742d6e99ca5788580b5c529dc78faf11ece6dc702656f"
dependencies = [
 "memchr",
]

[[package]]
name = "ansi_term"
version = "0.11.0"
source = "registry+https://github.com/rust-lang/crates.io-index"
checksum = "ee49baf6cb617b853aa8d93bf420db2383fab46d314482ca2803b40d5fde979b"
dependencies = [
 "winapi",
]

[[package]]
name = "anyhow"
version = "1.0.44"
source = "registry+https://github.com/rust-lang/crates.io-index"
checksum = "61604a8f862e1d5c3229fdd78f8b02c68dcf73a4c4b05fd636d12240aaa242c1"

[[package]]
name = "approx"
version = "0.4.0"
source = "registry+https://github.com/rust-lang/crates.io-index"
checksum = "3f2a05fd1bd10b2527e20a2cd32d8873d115b8b39fe219ee25f42a8aca6ba278"
dependencies = [
 "num-traits",
]

[[package]]
name = "approx"
version = "0.5.0"
source = "registry+https://github.com/rust-lang/crates.io-index"
checksum = "072df7202e63b127ab55acfe16ce97013d5b97bf160489336d3f1840fd78e99e"
dependencies = [
 "num-traits",
]

[[package]]
name = "atty"
version = "0.2.14"
source = "registry+https://github.com/rust-lang/crates.io-index"
checksum = "d9b39be18770d11421cdb1b9947a45dd3f37e93092cbf377614828a319d5fee8"
dependencies = [
 "hermit-abi",
 "libc",
 "winapi",
]

[[package]]
name = "autocfg"
version = "1.0.1"
source = "registry+https://github.com/rust-lang/crates.io-index"
checksum = "cdb031dd78e28731d87d56cc8ffef4a8f36ca26c38fe2de700543e627f8a464a"

[[package]]
name = "bincode"
version = "1.3.3"
source = "registry+https://github.com/rust-lang/crates.io-index"
checksum = "b1f45e9417d87227c7a56d22e471c6206462cba514c7590c09aff4cf6d1ddcad"
dependencies = [
 "serde",
]

[[package]]
name = "bindgen"
version = "0.53.3"
source = "registry+https://github.com/rust-lang/crates.io-index"
checksum = "c72a978d268b1d70b0e963217e60fdabd9523a941457a6c42a7315d15c7e89e5"
dependencies = [
 "bitflags",
 "cexpr",
 "cfg-if 0.1.10",
 "clang-sys",
 "clap",
 "env_logger",
 "lazy_static",
 "lazycell",
 "log",
 "peeking_take_while",
 "proc-macro2",
 "quote",
 "regex",
 "rustc-hash",
 "shlex",
 "which",
]

[[package]]
name = "bio"
version = "0.37.1"
source = "registry+https://github.com/rust-lang/crates.io-index"
checksum = "2788488d71db156b2ed53d2114a84b333a4ad38e855bff3f151d536b2670d08d"
dependencies = [
 "anyhow",
 "approx 0.5.0",
 "bio-types",
 "bit-set",
 "bv",
 "bytecount",
 "csv",
 "custom_derive",
 "enum-map",
 "fnv",
 "fxhash",
 "getset",
 "itertools",
 "itertools-num",
 "lazy_static",
 "multimap",
 "ndarray",
 "newtype_derive",
 "num-integer",
 "num-traits",
 "ordered-float",
 "petgraph",
 "rand 0.8.4",
 "regex",
 "serde",
 "serde_derive",
 "statrs",
 "strum",
 "strum_macros 0.21.1",
 "thiserror",
 "triple_accel",
 "vec_map",
]

[[package]]
name = "bio-types"
version = "0.12.0"
source = "registry+https://github.com/rust-lang/crates.io-index"
checksum = "3f79d996fbffc59cbaeec4c831f9c1bbf6debdfadd9bb02ff4caf70507159c63"
dependencies = [
 "derive-new",
 "lazy_static",
 "regex",
 "strum_macros 0.20.1",
 "thiserror",
]

[[package]]
name = "bit-set"
version = "0.5.2"
source = "registry+https://github.com/rust-lang/crates.io-index"
checksum = "6e11e16035ea35e4e5997b393eacbf6f63983188f7a2ad25bfb13465f5ad59de"
dependencies = [
 "bit-vec",
]

[[package]]
name = "bit-vec"
version = "0.6.3"
source = "registry+https://github.com/rust-lang/crates.io-index"
checksum = "349f9b6a179ed607305526ca489b34ad0a41aed5f7980fa90eb03160b69598fb"

[[package]]
name = "bitflags"
version = "1.3.2"
source = "registry+https://github.com/rust-lang/crates.io-index"
checksum = "bef38d45163c2f1dde094a7dfd33ccf595c92905c8f8f4fdc18d06fb1037718a"

[[package]]
name = "block-aligner"
version = "0.2.0"
source = "registry+https://github.com/rust-lang/crates.io-index"
checksum = "ec73b12458ae4003ab59e46d81d2c232eeaff36d293ac6a8392a1cb002c75c8a"
dependencies = [
 "cbindgen",
 "rand 0.8.4",
]

[[package]]
name = "boomphf"
version = "0.5.9"
source = "registry+https://github.com/rust-lang/crates.io-index"
checksum = "4e8fb7f38fef59c32549861151d63a6190865e60cf690340c13e3d7178b42a2f"
dependencies = [
 "crossbeam-utils",
 "log",
 "rayon",
 "serde",
 "wyhash",
]

[[package]]
name = "bstr"
version = "0.2.17"
source = "registry+https://github.com/rust-lang/crates.io-index"
checksum = "ba3569f383e8f1598449f1a423e72e99569137b47740b1da11ef19af3d5c3223"
dependencies = [
 "lazy_static",
 "memchr",
 "regex-automata",
 "serde",
]

[[package]]
name = "bv"
version = "0.11.1"
source = "registry+https://github.com/rust-lang/crates.io-index"
checksum = "8834bb1d8ee5dc048ee3124f2c7c1afcc6bc9aed03f11e9dfd8c69470a5db340"
dependencies = [
 "feature-probe",
 "serde",
]

[[package]]
name = "bytecount"
version = "0.6.2"
source = "registry+https://github.com/rust-lang/crates.io-index"
checksum = "72feb31ffc86498dacdbd0fcebb56138e7177a8cc5cea4516031d15ae85a742e"

[[package]]
name = "byteorder"
version = "1.4.3"
source = "registry+https://github.com/rust-lang/crates.io-index"
checksum = "14c189c53d098945499cdfa7ecc63567cf3886b3332b312a5b4585d8d3a6a610"

[[package]]
name = "bzip2-sys"
version = "0.1.11+1.0.8"
source = "registry+https://github.com/rust-lang/crates.io-index"
checksum = "736a955f3fa7875102d57c82b8cac37ec45224a07fd32d58f9f7a186b6cd4cdc"
dependencies = [
 "cc",
 "libc",
 "pkg-config",
]

[[package]]
name = "cauchy"
version = "0.4.0"
source = "registry+https://github.com/rust-lang/crates.io-index"
checksum = "9ff11ddd2af3b5e80dd0297fee6e56ac038d9bdc549573cdb51bd6d2efe7f05e"
dependencies = [
 "num-complex 0.4.0",
 "num-traits",
 "rand 0.8.4",
 "serde",
]

[[package]]
name = "cbindgen"
version = "0.20.0"
source = "registry+https://github.com/rust-lang/crates.io-index"
checksum = "51e3973b165dc0f435831a9e426de67e894de532754ff7a3f307c03ee5dec7dc"
dependencies = [
 "clap",
 "heck",
 "indexmap",
 "log",
 "proc-macro2",
 "quote",
 "serde",
 "serde_json",
 "syn",
 "tempfile",
 "toml",
]

[[package]]
name = "cblas-sys"
version = "0.1.4"
source = "registry+https://github.com/rust-lang/crates.io-index"
checksum = "b6feecd82cce51b0204cf063f0041d69f24ce83f680d87514b004248e7b0fa65"
dependencies = [
 "libc",
]

[[package]]
name = "cc"
version = "1.0.71"
source = "registry+https://github.com/rust-lang/crates.io-index"
checksum = "79c2681d6594606957bbb8631c4b90a7fcaaa72cdb714743a437b156d6a7eedd"
dependencies = [
 "jobserver",
]

[[package]]
name = "cexpr"
version = "0.4.0"
source = "registry+https://github.com/rust-lang/crates.io-index"
checksum = "f4aedb84272dbe89af497cf81375129abda4fc0a9e7c5d317498c15cc30c0d27"
dependencies = [
 "nom",
]

[[package]]
name = "cfg-if"
version = "0.1.10"
source = "registry+https://github.com/rust-lang/crates.io-index"
checksum = "4785bdd1c96b2a846b2bd7cc02e86b6b3dbf14e7e53446c4f54c92a361040822"

[[package]]
name = "cfg-if"
version = "1.0.0"
source = "registry+https://github.com/rust-lang/crates.io-index"
checksum = "baf1de4339761588bc0619e3cbc0120ee582ebb74b53b4efbf79117bd2da40fd"

[[package]]
name = "chrom_mini_graph"
version = "0.1.0"
dependencies = [
 "bincode",
 "bio",
 "block-aligner",
 "clap",
 "debruijn",
 "disjoint-sets",
 "fnv",
 "fxhash",
 "libwfa",
 "linfa",
 "linfa-elasticnet",
 "ndarray",
 "probability",
 "rand 0.8.4",
 "rayon",
 "rust-htslib",
 "serde",
 "serde_json",
 "smallvec",
 "smartcore",
]

[[package]]
name = "clang-sys"
version = "0.29.3"
source = "registry+https://github.com/rust-lang/crates.io-index"
checksum = "fe6837df1d5cba2397b835c8530f51723267e16abbf83892e9e5af4f0e5dd10a"
dependencies = [
 "glob",
 "libc",
 "libloading",
]

[[package]]
name = "clap"
version = "2.33.3"
source = "registry+https://github.com/rust-lang/crates.io-index"
checksum = "37e58ac78573c40708d45522f0d80fa2f01cc4f9b4e2bf749807255454312002"
dependencies = [
 "ansi_term",
 "atty",
 "bitflags",
 "strsim",
 "textwrap",
 "unicode-width",
 "vec_map",
]

[[package]]
name = "cmake"
version = "0.1.46"
source = "registry+https://github.com/rust-lang/crates.io-index"
checksum = "b7b858541263efe664aead4a5209a4ae5c5d2811167d4ed4ee0944503f8d2089"
dependencies = [
 "cc",
]

[[package]]
name = "crossbeam-channel"
version = "0.5.1"
source = "registry+https://github.com/rust-lang/crates.io-index"
checksum = "06ed27e177f16d65f0f0c22a213e17c696ace5dd64b14258b52f9417ccb52db4"
dependencies = [
 "cfg-if 1.0.0",
 "crossbeam-utils",
]

[[package]]
name = "crossbeam-deque"
version = "0.8.1"
source = "registry+https://github.com/rust-lang/crates.io-index"
checksum = "6455c0ca19f0d2fbf751b908d5c55c1f5cbc65e03c4225427254b46890bdde1e"
dependencies = [
 "cfg-if 1.0.0",
 "crossbeam-epoch",
 "crossbeam-utils",
]

[[package]]
name = "crossbeam-epoch"
version = "0.9.5"
source = "registry+https://github.com/rust-lang/crates.io-index"
checksum = "4ec02e091aa634e2c3ada4a392989e7c3116673ef0ac5b72232439094d73b7fd"
dependencies = [
 "cfg-if 1.0.0",
 "crossbeam-utils",
 "lazy_static",
 "memoffset",
 "scopeguard",
]

[[package]]
name = "crossbeam-utils"
version = "0.8.5"
source = "registry+https://github.com/rust-lang/crates.io-index"
checksum = "d82cfc11ce7f2c3faef78d8a684447b40d503d9681acebed6cb728d45940c4db"
dependencies = [
 "cfg-if 1.0.0",
 "lazy_static",
]

[[package]]
name = "csv"
version = "1.1.6"
source = "registry+https://github.com/rust-lang/crates.io-index"
checksum = "22813a6dc45b335f9bade10bf7271dc477e81113e89eb251a0bc2a8a81c536e1"
dependencies = [
 "bstr",
 "csv-core",
 "itoa",
 "ryu",
 "serde",
]

[[package]]
name = "csv-core"
version = "0.1.10"
source = "registry+https://github.com/rust-lang/crates.io-index"
checksum = "2b2466559f260f48ad25fe6317b3c8dac77b5bdb5763ac7d9d6103530663bc90"
dependencies = [
 "memchr",
]

[[package]]
name = "curl-sys"
version = "0.4.50+curl-7.79.1"
source = "registry+https://github.com/rust-lang/crates.io-index"
checksum = "4856b76919dd599f31236bb18db5f5bd36e2ce131e64f857ca5c259665b76171"
dependencies = [
 "cc",
 "libc",
 "libz-sys",
 "openssl-sys",
 "pkg-config",
 "vcpkg",
 "winapi",
]

[[package]]
name = "custom_derive"
version = "0.1.7"
source = "registry+https://github.com/rust-lang/crates.io-index"
checksum = "ef8ae57c4978a2acd8b869ce6b9ca1dfe817bff704c220209fdef2c0b75a01b9"

[[package]]
name = "debruijn"
version = "0.3.4"
source = "registry+https://github.com/rust-lang/crates.io-index"
checksum = "346d29ff45270b3642817082a513e55765ef5686b68e6cc0ed595897a64439d5"
dependencies = [
 "bit-set",
 "boomphf",
 "itertools",
 "log",
 "num-traits",
 "serde",
 "serde_derive",
 "serde_json",
 "smallvec",
]

[[package]]
name = "derive-new"
version = "0.5.9"
source = "registry+https://github.com/rust-lang/crates.io-index"
checksum = "3418329ca0ad70234b9735dc4ceed10af4df60eff9c8e7b06cb5e520d92c3535"
dependencies = [
 "proc-macro2",
 "quote",
 "syn",
]

[[package]]
name = "dirs"
version = "3.0.2"
source = "registry+https://github.com/rust-lang/crates.io-index"
checksum = "30baa043103c9d0c2a57cf537cc2f35623889dc0d405e6c3cccfadbc81c71309"
dependencies = [
 "dirs-sys",
]

[[package]]
name = "dirs-sys"
version = "0.3.6"
source = "registry+https://github.com/rust-lang/crates.io-index"
checksum = "03d86534ed367a67548dc68113a0f5db55432fdfbb6e6f9d77704397d95d5780"
dependencies = [
 "libc",
 "redox_users",
 "winapi",
]

[[package]]
name = "disjoint-sets"
version = "0.4.2"
source = "registry+https://github.com/rust-lang/crates.io-index"
checksum = "4ccbbca7d6a247007ca2535c616d4bb4a5fcad176ef0218671f96b88c52c3d34"

[[package]]
name = "either"
version = "1.6.1"
source = "registry+https://github.com/rust-lang/crates.io-index"
checksum = "e78d4f1cc4ae33bbfc157ed5d5a5ef3bc29227303d595861deb238fcec4e9457"

[[package]]
name = "enum-map"
version = "1.1.1"
source = "registry+https://github.com/rust-lang/crates.io-index"
checksum = "e893a7ba6116821058dec84a6fb14fb2a97cd8ce5fd0f85d5a4e760ecd7329d9"
dependencies = [
 "enum-map-derive",
]

[[package]]
name = "enum-map-derive"
version = "0.6.0"
source = "registry+https://github.com/rust-lang/crates.io-index"
checksum = "84278eae0af6e34ff6c1db44c11634a694aafac559ff3080e4db4e4ac35907aa"
dependencies = [
 "proc-macro2",
 "quote",
 "syn",
]

[[package]]
name = "env_logger"
version = "0.7.1"
source = "registry+https://github.com/rust-lang/crates.io-index"
checksum = "44533bbbb3bb3c1fa17d9f2e4e38bbbaf8396ba82193c4cb1b6445d711445d36"
dependencies = [
 "atty",
 "humantime",
 "log",
 "regex",
 "termcolor",
]

[[package]]
name = "feature-probe"
version = "0.1.1"
source = "registry+https://github.com/rust-lang/crates.io-index"
checksum = "835a3dc7d1ec9e75e2b5fb4ba75396837112d2060b03f7d43bc1897c7f7211da"

[[package]]
name = "fixedbitset"
version = "0.2.0"
source = "registry+https://github.com/rust-lang/crates.io-index"
checksum = "37ab347416e802de484e4d03c7316c48f1ecb56574dfd4a46a80f173ce1de04d"

[[package]]
name = "fnv"
version = "1.0.7"
source = "registry+https://github.com/rust-lang/crates.io-index"
checksum = "3f9eec918d3f24069decb9af1554cad7c880e2da24a9afd88aca000531ab82c1"

[[package]]
name = "form_urlencoded"
version = "1.0.1"
source = "registry+https://github.com/rust-lang/crates.io-index"
checksum = "5fc25a87fa4fd2094bffb06925852034d90a17f0d1e05197d4956d3555752191"
dependencies = [
 "matches",
 "percent-encoding",
]

[[package]]
name = "fs-utils"
version = "1.1.4"
source = "registry+https://github.com/rust-lang/crates.io-index"
checksum = "6fc7a9dc005c944c98a935e7fd626faf5bf7e5a609f94bc13e42fc4a02e52593"
dependencies = [
 "quick-error",
]

[[package]]
name = "fxhash"
version = "0.2.1"
source = "registry+https://github.com/rust-lang/crates.io-index"
checksum = "c31b6d751ae2c7f11320402d34e41349dd1016f8d5d45e48c4312bc8625af50c"
dependencies = [
 "byteorder",
]

[[package]]
name = "getrandom"
version = "0.1.16"
source = "registry+https://github.com/rust-lang/crates.io-index"
checksum = "8fc3cb4d91f53b50155bdcfd23f6a4c39ae1969c2ae85982b135750cccaf5fce"
dependencies = [
 "cfg-if 1.0.0",
 "libc",
 "wasi 0.9.0+wasi-snapshot-preview1",
]

[[package]]
name = "getrandom"
version = "0.2.3"
source = "registry+https://github.com/rust-lang/crates.io-index"
checksum = "7fcd999463524c52659517fe2cea98493cfe485d10565e7b0fb07dbba7ad2753"
dependencies = [
 "cfg-if 1.0.0",
 "libc",
 "wasi 0.10.2+wasi-snapshot-preview1",
]

[[package]]
name = "getset"
version = "0.1.1"
source = "registry+https://github.com/rust-lang/crates.io-index"
checksum = "24b328c01a4d71d2d8173daa93562a73ab0fe85616876f02500f53d82948c504"
dependencies = [
 "proc-macro-error",
 "proc-macro2",
 "quote",
 "syn",
]

[[package]]
name = "glob"
version = "0.3.0"
source = "registry+https://github.com/rust-lang/crates.io-index"
checksum = "9b919933a397b79c37e33b77bb2aa3dc8eb6e165ad809e58ff75bc7db2e34574"

[[package]]
name = "hashbrown"
version = "0.11.2"
source = "registry+https://github.com/rust-lang/crates.io-index"
checksum = "ab5ef0d4909ef3724cc8cce6ccc8572c5c817592e9285f5464f8e86f8bd3726e"

[[package]]
name = "heck"
version = "0.3.3"
source = "registry+https://github.com/rust-lang/crates.io-index"
checksum = "6d621efb26863f0e9924c6ac577e8275e5e6b77455db64ffa6c65c904e9e132c"
dependencies = [
 "unicode-segmentation",
]

[[package]]
name = "hermit-abi"
version = "0.1.19"
source = "registry+https://github.com/rust-lang/crates.io-index"
checksum = "62b467343b94ba476dcb2500d242dadbb39557df889310ac77c5d99100aaac33"
dependencies = [
 "libc",
]

[[package]]
name = "hts-sys"
version = "2.0.2"
source = "registry+https://github.com/rust-lang/crates.io-index"
checksum = "72c443906f4bac8b8cfe67e4e9d9ca83a454b70a092e1764133d19d5c5c7c1e2"
dependencies = [
 "bzip2-sys",
 "cc",
 "curl-sys",
 "fs-utils",
 "glob",
 "libz-sys",
 "lzma-sys",
 "openssl-sys",
]

[[package]]
name = "humantime"
version = "1.3.0"
source = "registry+https://github.com/rust-lang/crates.io-index"
checksum = "df004cfca50ef23c36850aaaa59ad52cc70d0e90243c3c7737a4dd32dc7a3c4f"
dependencies = [
 "quick-error",
]

[[package]]
name = "idna"
version = "0.2.3"
source = "registry+https://github.com/rust-lang/crates.io-index"
checksum = "418a0a6fab821475f634efe3ccc45c013f742efe03d853e8d3355d5cb850ecf8"
dependencies = [
 "matches",
 "unicode-bidi",
 "unicode-normalization",
]

[[package]]
name = "ieee754"
version = "0.2.6"
source = "registry+https://github.com/rust-lang/crates.io-index"
checksum = "9007da9cacbd3e6343da136e98b0d2df013f553d35bdec8b518f07bea768e19c"

[[package]]
name = "indexmap"
version = "1.7.0"
source = "registry+https://github.com/rust-lang/crates.io-index"
checksum = "bc633605454125dec4b66843673f01c7df2b89479b32e0ed634e43a91cff62a5"
dependencies = [
 "autocfg",
 "hashbrown",
]

[[package]]
name = "itertools"
version = "0.10.1"
source = "registry+https://github.com/rust-lang/crates.io-index"
checksum = "69ddb889f9d0d08a67338271fa9b62996bc788c7796a5c18cf057420aaed5eaf"
dependencies = [
 "either",
]

[[package]]
name = "itertools-num"
version = "0.1.3"
source = "registry+https://github.com/rust-lang/crates.io-index"
checksum = "a872a22f9e6f7521ca557660adb96dd830e54f0f490fa115bb55dd69d38b27e7"
dependencies = [
 "num-traits",
]

[[package]]
name = "itoa"
version = "0.4.8"
source = "registry+https://github.com/rust-lang/crates.io-index"
checksum = "b71991ff56294aa922b450139ee08b3bfc70982c6b2c7562771375cf73542dd4"

[[package]]
name = "jobserver"
version = "0.1.24"
source = "registry+https://github.com/rust-lang/crates.io-index"
checksum = "af25a77299a7f711a01975c35a6a424eb6862092cc2d6c72c4ed6cbc56dfc1fa"
dependencies = [
 "libc",
]

[[package]]
name = "lapack"
version = "0.18.0"
source = "registry+https://github.com/rust-lang/crates.io-index"
checksum = "6a7f0050af10913bc5e4f6091df38870cb5d4e45094d3dd551c1aff9d1d59b26"
dependencies = [
 "lapack-sys",
 "libc",
 "num-complex 0.4.0",
]

[[package]]
name = "lapack-sys"
version = "0.12.1"
source = "registry+https://github.com/rust-lang/crates.io-index"
checksum = "c1d3a8a9f07310243de6c6226f039f14bce8d2f4c96b5d30ddbcfa31eb4e94ad"
dependencies = [
 "libc",
]

[[package]]
name = "lax"
version = "0.2.0"
source = "registry+https://github.com/rust-lang/crates.io-index"
checksum = "e49ff5bbaf07352b492b17aab73a86871f0c6029f427035fd0562cd0df573c8a"
dependencies = [
 "cauchy",
 "lapack",
 "num-traits",
 "thiserror",
]

[[package]]
name = "lazy_static"
version = "1.4.0"
source = "registry+https://github.com/rust-lang/crates.io-index"
checksum = "e2abad23fbc42b3700f2f279844dc832adb2b2eb069b2df918f455c4e18cc646"

[[package]]
name = "lazycell"
version = "1.3.0"
source = "registry+https://github.com/rust-lang/crates.io-index"
checksum = "830d08ce1d1d941e6b30645f1a0eb5643013d835ce3779a5fc208261dbe10f55"

[[package]]
name = "libc"
version = "0.2.102"
source = "registry+https://github.com/rust-lang/crates.io-index"
checksum = "a2a5ac8f984bfcf3a823267e5fde638acc3325f6496633a5da6bb6eb2171e103"

[[package]]
name = "libloading"
version = "0.5.2"
source = "registry+https://github.com/rust-lang/crates.io-index"
checksum = "f2b111a074963af1d37a139918ac6d49ad1d0d5e47f72fd55388619691a7d753"
dependencies = [
 "cc",
 "winapi",
]

[[package]]
name = "libm"
version = "0.2.1"
source = "registry+https://github.com/rust-lang/crates.io-index"
checksum = "c7d73b3f436185384286bd8098d17ec07c9a7d2388a6599f824d8502b529702a"

[[package]]
name = "libwfa"
version = "0.1.2"
source = "registry+https://github.com/rust-lang/crates.io-index"
checksum = "0d9c84547ec292d0f5bb4b79214fa9b3b397f982066fbd4acba2692aa585405e"
dependencies = [
 "bindgen",
 "libc",
]

[[package]]
name = "libz-sys"
version = "1.1.3"
source = "registry+https://github.com/rust-lang/crates.io-index"
checksum = "de5435b8549c16d423ed0c03dbaafe57cf6c3344744f1242520d59c9d8ecec66"
dependencies = [
 "cc",
 "cmake",
 "libc",
 "pkg-config",
 "vcpkg",
]

[[package]]
name = "linear-map"
version = "1.2.0"
source = "registry+https://github.com/rust-lang/crates.io-index"
checksum = "bfae20f6b19ad527b550c223fddc3077a547fc70cda94b9b566575423fd303ee"

[[package]]
name = "linfa"
version = "0.5.0"
source = "registry+https://github.com/rust-lang/crates.io-index"
checksum = "7496612871c85de124d12006109360ed7ffc4740ce3fe3fe35a749e2d7f2f88f"
dependencies = [
 "approx 0.4.0",
 "ndarray",
 "ndarray-linalg",
 "num-traits",
 "openblas-src",
 "rand 0.8.4",
 "thiserror",
]

[[package]]
name = "linfa-elasticnet"
version = "0.5.0"
source = "registry+https://github.com/rust-lang/crates.io-index"
checksum = "f3b383f0726e9c51a6cf960b350819c1c69eb060b900637489ec744e8e2a6a57"
dependencies = [
 "approx 0.4.0",
 "linfa",
 "ndarray",
 "ndarray-linalg",
 "num-traits",
 "thiserror",
]

[[package]]
name = "log"
version = "0.4.14"
source = "registry+https://github.com/rust-lang/crates.io-index"
checksum = "51b9bbe6c47d51fc3e1a9b945965946b4c44142ab8792c50835a980d362c2710"
dependencies = [
 "cfg-if 1.0.0",
]

[[package]]
name = "lzma-sys"
version = "0.1.17"
source = "registry+https://github.com/rust-lang/crates.io-index"
checksum = "bdb4b7c3eddad11d3af9e86c487607d2d2442d185d848575365c4856ba96d619"
dependencies = [
 "cc",
 "libc",
 "pkg-config",
]

[[package]]
name = "matches"
version = "0.1.9"
source = "registry+https://github.com/rust-lang/crates.io-index"
checksum = "a3e378b66a060d48947b590737b30a1be76706c8dd7b8ba0f2fe3989c68a853f"

[[package]]
name = "matrixmultiply"
version = "0.3.1"
source = "registry+https://github.com/rust-lang/crates.io-index"
checksum = "5a8a15b776d9dfaecd44b03c5828c2199cddff5247215858aac14624f8d6b741"
dependencies = [
 "rawpointer",
]

[[package]]
name = "memchr"
version = "2.4.1"
source = "registry+https://github.com/rust-lang/crates.io-index"
checksum = "308cc39be01b73d0d18f82a0e7b2a3df85245f84af96fdddc5d202d27e47b86a"

[[package]]
name = "memoffset"
version = "0.6.4"
source = "registry+https://github.com/rust-lang/crates.io-index"
checksum = "59accc507f1338036a0477ef61afdae33cde60840f4dfe481319ce3ad116ddf9"
dependencies = [
 "autocfg",
]

[[package]]
name = "multimap"
version = "0.8.3"
source = "registry+https://github.com/rust-lang/crates.io-index"
checksum = "e5ce46fe64a9d73be07dcbe690a38ce1b293be448fd8ce1e6c1b8062c9f72c6a"
dependencies = [
 "serde",
]

[[package]]
name = "nalgebra"
version = "0.27.1"
source = "registry+https://github.com/rust-lang/crates.io-index"
checksum = "462fffe4002f4f2e1f6a9dcf12cc1a6fc0e15989014efc02a941d3e0f5dc2120"
dependencies = [
 "approx 0.5.0",
 "matrixmultiply",
 "nalgebra-macros",
 "num-complex 0.4.0",
 "num-rational 0.4.0",
 "num-traits",
 "rand 0.8.4",
 "rand_distr 0.4.2",
 "simba",
 "typenum",
]

[[package]]
name = "nalgebra-macros"
version = "0.1.0"
source = "registry+https://github.com/rust-lang/crates.io-index"
checksum = "01fcc0b8149b4632adc89ac3b7b31a12fb6099a0317a4eb2ebff574ef7de7218"
dependencies = [
 "proc-macro2",
 "quote",
 "syn",
]

[[package]]
name = "ndarray"
version = "0.15.3"
source = "registry+https://github.com/rust-lang/crates.io-index"
checksum = "08e854964160a323e65baa19a0b1a027f76d590faba01f05c0cbc3187221a8c9"
dependencies = [
 "approx 0.4.0",
 "cblas-sys",
 "libc",
 "matrixmultiply",
 "num-complex 0.4.0",
 "num-integer",
 "num-traits",
 "rawpointer",
]

[[package]]
name = "ndarray-linalg"
version = "0.14.1"
source = "registry+https://github.com/rust-lang/crates.io-index"
checksum = "6953b6c18697bc401c596b885350ea56a696da46415a10a6ed22f2a2e3d78d74"
dependencies = [
 "cauchy",
 "lax",
 "ndarray",
 "num-complex 0.4.0",
 "num-traits",
 "rand 0.8.4",
 "thiserror",
]

[[package]]
name = "newtype_derive"
version = "0.1.6"
source = "registry+https://github.com/rust-lang/crates.io-index"
checksum = "ac8cd24d9f185bb7223958d8c1ff7a961b74b1953fd05dba7cc568a63b3861ec"
dependencies = [
 "rustc_version",
]

[[package]]
name = "nom"
version = "5.1.2"
source = "registry+https://github.com/rust-lang/crates.io-index"
checksum = "ffb4262d26ed83a1c0a33a38fe2bb15797329c85770da05e6b828ddb782627af"
dependencies = [
 "memchr",
 "version_check",
]

[[package]]
name = "num"
version = "0.3.1"
source = "registry+https://github.com/rust-lang/crates.io-index"
checksum = "8b7a8e9be5e039e2ff869df49155f1c06bd01ade2117ec783e56ab0932b67a8f"
dependencies = [
 "num-bigint",
 "num-complex 0.3.1",
 "num-integer",
 "num-iter",
 "num-rational 0.3.2",
 "num-traits",
]

[[package]]
name = "num-bigint"
version = "0.3.3"
source = "registry+https://github.com/rust-lang/crates.io-index"
checksum = "5f6f7833f2cbf2360a6cfd58cd41a53aa7a90bd4c202f5b1c7dd2ed73c57b2c3"
dependencies = [
 "autocfg",
 "num-integer",
 "num-traits",
]

[[package]]
name = "num-complex"
version = "0.3.1"
source = "registry+https://github.com/rust-lang/crates.io-index"
checksum = "747d632c0c558b87dbabbe6a82f3b4ae03720d0646ac5b7b4dae89394be5f2c5"
dependencies = [
 "num-traits",
]

[[package]]
name = "num-complex"
version = "0.4.0"
source = "registry+https://github.com/rust-lang/crates.io-index"
checksum = "26873667bbbb7c5182d4a37c1add32cdf09f841af72da53318fdb81543c15085"
dependencies = [
 "num-traits",
 "rand 0.8.4",
 "serde",
]

[[package]]
name = "num-integer"
version = "0.1.44"
source = "registry+https://github.com/rust-lang/crates.io-index"
checksum = "d2cc698a63b549a70bc047073d2949cce27cd1c7b0a4a862d08a8031bc2801db"
dependencies = [
 "autocfg",
 "num-traits",
]

[[package]]
name = "num-iter"
version = "0.1.42"
source = "registry+https://github.com/rust-lang/crates.io-index"
checksum = "b2021c8337a54d21aca0d59a92577a029af9431cb59b909b03252b9c164fad59"
dependencies = [
 "autocfg",
 "num-integer",
 "num-traits",
]

[[package]]
name = "num-rational"
version = "0.3.2"
source = "registry+https://github.com/rust-lang/crates.io-index"
checksum = "12ac428b1cb17fce6f731001d307d351ec70a6d202fc2e60f7d4c5e42d8f4f07"
dependencies = [
 "autocfg",
 "num-bigint",
 "num-integer",
 "num-traits",
]

[[package]]
name = "num-rational"
version = "0.4.0"
source = "registry+https://github.com/rust-lang/crates.io-index"
checksum = "d41702bd167c2df5520b384281bc111a4b5efcf7fbc4c9c222c815b07e0a6a6a"
dependencies = [
 "autocfg",
 "num-integer",
 "num-traits",
]

[[package]]
name = "num-traits"
version = "0.2.14"
source = "registry+https://github.com/rust-lang/crates.io-index"
checksum = "9a64b1ec5cda2586e284722486d802acf1f7dbdc623e2bfc57e65ca1cd099290"
dependencies = [
 "autocfg",
 "libm",
]

[[package]]
name = "num_cpus"
version = "1.13.0"
source = "registry+https://github.com/rust-lang/crates.io-index"
checksum = "05499f3756671c15885fee9034446956fff3f243d6077b91e5767df161f766b3"
dependencies = [
 "hermit-abi",
 "libc",
]

[[package]]
name = "openblas-build"
version = "0.1.1"
source = "registry+https://github.com/rust-lang/crates.io-index"
checksum = "59ecb601fc56534b17316cec4a4d8c848840f2c6744538a4e0fd3833d24f2e8f"
dependencies = [
 "thiserror",
 "walkdir",
]

[[package]]
name = "openblas-src"
version = "0.10.4"
source = "registry+https://github.com/rust-lang/crates.io-index"
checksum = "35a0967b308cab5942eb908b4737385719bef9e1b4953614a0e9d26ad5d41c69"
dependencies = [
 "dirs",
 "openblas-build",
 "vcpkg",
]

[[package]]
name = "openssl-src"
version = "300.0.2+3.0.0"
source = "registry+https://github.com/rust-lang/crates.io-index"
checksum = "14a760a11390b1a5daf72074d4f6ff1a6e772534ae191f999f57e9ee8146d1fb"
dependencies = [
 "cc",
]

[[package]]
name = "openssl-sys"
version = "0.9.70"
source = "registry+https://github.com/rust-lang/crates.io-index"
checksum = "c6517987b3f8226b5da3661dad65ff7f300cc59fb5ea8333ca191fc65fde3edf"
dependencies = [
 "autocfg",
 "cc",
 "libc",
 "openssl-src",
 "pkg-config",
 "vcpkg",
]

[[package]]
name = "ordered-float"
version = "1.1.1"
source = "registry+https://github.com/rust-lang/crates.io-index"
checksum = "3305af35278dd29f46fcdd139e0b1fbfae2153f0e5928b39b035542dd31e37b7"
dependencies = [
 "num-traits",
]

[[package]]
name = "paste"
version = "1.0.5"
source = "registry+https://github.com/rust-lang/crates.io-index"
checksum = "acbf547ad0c65e31259204bd90935776d1c693cec2f4ff7abb7a1bbbd40dfe58"

[[package]]
name = "peeking_take_while"
version = "0.1.2"
source = "registry+https://github.com/rust-lang/crates.io-index"
checksum = "19b17cddbe7ec3f8bc800887bab5e717348c95ea2ca0b1bf0837fb964dc67099"

[[package]]
name = "percent-encoding"
version = "2.1.0"
source = "registry+https://github.com/rust-lang/crates.io-index"
checksum = "d4fd5641d01c8f18a23da7b6fe29298ff4b55afcccdf78973b24cf3175fee32e"

[[package]]
name = "petgraph"
version = "0.5.1"
source = "registry+https://github.com/rust-lang/crates.io-index"
checksum = "467d164a6de56270bd7c4d070df81d07beace25012d5103ced4e9ff08d6afdb7"
dependencies = [
 "fixedbitset",
 "indexmap",
]

[[package]]
name = "pkg-config"
version = "0.3.22"
source = "registry+https://github.com/rust-lang/crates.io-index"
checksum = "12295df4f294471248581bc09bef3c38a5e46f1e36d6a37353621a0c6c357e1f"

[[package]]
name = "ppv-lite86"
version = "0.2.10"
source = "registry+https://github.com/rust-lang/crates.io-index"
checksum = "ac74c624d6b2d21f425f752262f42188365d7b8ff1aff74c82e45136510a4857"

[[package]]
name = "probability"
version = "0.17.0"
source = "registry+https://github.com/rust-lang/crates.io-index"
checksum = "01935a29f0dd293b7d0254144168084cc8ada317b107635c777fb7d0fb5120e5"
dependencies = [
 "random",
 "special",
]

[[package]]
name = "proc-macro-error"
version = "1.0.4"
source = "registry+https://github.com/rust-lang/crates.io-index"
checksum = "da25490ff9892aab3fcf7c36f08cfb902dd3e71ca0f9f9517bea02a73a5ce38c"
dependencies = [
 "proc-macro-error-attr",
 "proc-macro2",
 "quote",
 "syn",
 "version_check",
]

[[package]]
name = "proc-macro-error-attr"
version = "1.0.4"
source = "registry+https://github.com/rust-lang/crates.io-index"
checksum = "a1be40180e52ecc98ad80b184934baf3d0d29f979574e439af5a55274b35f869"
dependencies = [
 "proc-macro2",
 "quote",
 "version_check",
]

[[package]]
name = "proc-macro2"
version = "1.0.29"
source = "registry+https://github.com/rust-lang/crates.io-index"
checksum = "b9f5105d4fdaab20335ca9565e106a5d9b82b6219b5ba735731124ac6711d23d"
dependencies = [
 "unicode-xid",
]

[[package]]
name = "quick-error"
version = "1.2.3"
source = "registry+https://github.com/rust-lang/crates.io-index"
checksum = "a1d01941d82fa2ab50be1e79e6714289dd7cde78eba4c074bc5a4374f650dfe0"

[[package]]
name = "quote"
version = "1.0.9"
source = "registry+https://github.com/rust-lang/crates.io-index"
checksum = "c3d0b9745dc2debf507c8422de05d7226cc1f0644216dfdfead988f9b1ab32a7"
dependencies = [
 "proc-macro2",
]

[[package]]
name = "rand"
version = "0.7.3"
source = "registry+https://github.com/rust-lang/crates.io-index"
checksum = "6a6b1679d49b24bbfe0c803429aa1874472f50d9b363131f0e89fc356b544d03"
dependencies = [
 "getrandom 0.1.16",
 "libc",
 "rand_chacha 0.2.2",
 "rand_core 0.5.1",
 "rand_hc 0.2.0",
]

[[package]]
name = "rand"
version = "0.8.4"
source = "registry+https://github.com/rust-lang/crates.io-index"
checksum = "2e7573632e6454cf6b99d7aac4ccca54be06da05aca2ef7423d22d27d4d4bcd8"
dependencies = [
 "libc",
 "rand_chacha 0.3.1",
 "rand_core 0.6.3",
 "rand_hc 0.3.1",
]

[[package]]
name = "rand_chacha"
version = "0.2.2"
source = "registry+https://github.com/rust-lang/crates.io-index"
checksum = "f4c8ed856279c9737206bf725bf36935d8666ead7aa69b52be55af369d193402"
dependencies = [
 "ppv-lite86",
 "rand_core 0.5.1",
]

[[package]]
name = "rand_chacha"
version = "0.3.1"
source = "registry+https://github.com/rust-lang/crates.io-index"
checksum = "e6c10a63a0fa32252be49d21e7709d4d4baf8d231c2dbce1eaa8141b9b127d88"
dependencies = [
 "ppv-lite86",
 "rand_core 0.6.3",
]

[[package]]
name = "rand_core"
version = "0.5.1"
source = "registry+https://github.com/rust-lang/crates.io-index"
checksum = "90bde5296fc891b0cef12a6d03ddccc162ce7b2aff54160af9338f8d40df6d19"
dependencies = [
 "getrandom 0.1.16",
]

[[package]]
name = "rand_core"
version = "0.6.3"
source = "registry+https://github.com/rust-lang/crates.io-index"
checksum = "d34f1408f55294453790c48b2f1ebbb1c5b4b7563eb1f418bcfcfdbb06ebb4e7"
dependencies = [
 "getrandom 0.2.3",
]

[[package]]
name = "rand_distr"
version = "0.3.0"
source = "registry+https://github.com/rust-lang/crates.io-index"
checksum = "c9e9532ada3929fb8b2e9dbe28d1e06c9b2cc65813f074fcb6bd5fbefeff9d56"
dependencies = [
 "num-traits",
 "rand 0.7.3",
]

[[package]]
name = "rand_distr"
version = "0.4.2"
source = "registry+https://github.com/rust-lang/crates.io-index"
checksum = "964d548f8e7d12e102ef183a0de7e98180c9f8729f555897a857b96e48122d2f"
dependencies = [
 "num-traits",
 "rand 0.8.4",
]

[[package]]
name = "rand_hc"
version = "0.2.0"
source = "registry+https://github.com/rust-lang/crates.io-index"
checksum = "ca3129af7b92a17112d59ad498c6f81eaf463253766b90396d39ea7a39d6613c"
dependencies = [
 "rand_core 0.5.1",
]

[[package]]
name = "rand_hc"
version = "0.3.1"
source = "registry+https://github.com/rust-lang/crates.io-index"
checksum = "d51e9f596de227fda2ea6c84607f5558e196eeaf43c986b724ba4fb8fdf497e7"
dependencies = [
 "rand_core 0.6.3",
]

[[package]]
name = "random"
version = "0.12.2"
source = "registry+https://github.com/rust-lang/crates.io-index"
checksum = "97d13a3485349981c90c79112a11222c3e6e75de1d52b87a7525b3bf5361420f"

[[package]]
name = "rawpointer"
version = "0.2.1"
source = "registry+https://github.com/rust-lang/crates.io-index"
checksum = "60a357793950651c4ed0f3f52338f53b2f809f32d83a07f72909fa13e4c6c1e3"

[[package]]
name = "rayon"
version = "1.5.1"
source = "registry+https://github.com/rust-lang/crates.io-index"
checksum = "c06aca804d41dbc8ba42dfd964f0d01334eceb64314b9ecf7c5fad5188a06d90"
dependencies = [
 "autocfg",
 "crossbeam-deque",
 "either",
 "rayon-core",
]

[[package]]
name = "rayon-core"
version = "1.9.1"
source = "registry+https://github.com/rust-lang/crates.io-index"
checksum = "d78120e2c850279833f1dd3582f730c4ab53ed95aeaaaa862a2a5c71b1656d8e"
dependencies = [
 "crossbeam-channel",
 "crossbeam-deque",
 "crossbeam-utils",
 "lazy_static",
 "num_cpus",
]

[[package]]
name = "redox_syscall"
version = "0.2.10"
source = "registry+https://github.com/rust-lang/crates.io-index"
checksum = "8383f39639269cde97d255a32bdb68c047337295414940c68bdd30c2e13203ff"
dependencies = [
 "bitflags",
]

[[package]]
name = "redox_users"
version = "0.4.0"
source = "registry+https://github.com/rust-lang/crates.io-index"
checksum = "528532f3d801c87aec9def2add9ca802fe569e44a544afe633765267840abe64"
dependencies = [
 "getrandom 0.2.3",
 "redox_syscall",
]

[[package]]
name = "regex"
version = "1.5.4"
source = "registry+https://github.com/rust-lang/crates.io-index"
checksum = "d07a8629359eb56f1e2fb1652bb04212c072a87ba68546a04065d525673ac461"
dependencies = [
 "aho-corasick",
 "memchr",
 "regex-syntax",
]

[[package]]
name = "regex-automata"
version = "0.1.10"
source = "registry+https://github.com/rust-lang/crates.io-index"
checksum = "6c230d73fb8d8c1b9c0b3135c5142a8acee3a0558fb8db5cf1cb65f8d7862132"

[[package]]
name = "regex-syntax"
version = "0.6.25"
source = "registry+https://github.com/rust-lang/crates.io-index"
checksum = "f497285884f3fcff424ffc933e56d7cbca511def0c9831a7f9b5f6153e3cc89b"

[[package]]
name = "remove_dir_all"
version = "0.5.3"
source = "registry+https://github.com/rust-lang/crates.io-index"
checksum = "3acd125665422973a33ac9d3dd2df85edad0f4ae9b00dafb1a05e43a9f5ef8e7"
dependencies = [
 "winapi",
]

[[package]]
name = "rust-htslib"
version = "0.38.2"
source = "registry+https://github.com/rust-lang/crates.io-index"
checksum = "2aca6626496389f6e015e25433b85e2895ad3644b44de91167d847bf2d8c1a1c"
dependencies = [
 "bio-types",
 "byteorder",
 "custom_derive",
 "derive-new",
 "hts-sys",
 "ieee754",
 "lazy_static",
 "libc",
 "linear-map",
 "newtype_derive",
 "regex",
 "thiserror",
 "url",
]

[[package]]
name = "rustc-hash"
version = "1.1.0"
source = "registry+https://github.com/rust-lang/crates.io-index"
checksum = "08d43f7aa6b08d49f382cde6a7982047c3426db949b1424bc4b7ec9ae12c6ce2"

[[package]]
name = "rustc_version"
version = "0.1.7"
source = "registry+https://github.com/rust-lang/crates.io-index"
checksum = "c5f5376ea5e30ce23c03eb77cbe4962b988deead10910c372b226388b594c084"
dependencies = [
 "semver",
]

[[package]]
name = "ryu"
version = "1.0.5"
source = "registry+https://github.com/rust-lang/crates.io-index"
checksum = "71d301d4193d031abdd79ff7e3dd721168a9572ef3fe51a1517aba235bd8f86e"

[[package]]
name = "same-file"
version = "1.0.6"
source = "registry+https://github.com/rust-lang/crates.io-index"
checksum = "93fc1dc3aaa9bfed95e02e6eadabb4baf7e3078b0bd1b4d7b6b0b68378900502"
dependencies = [
 "winapi-util",
]

[[package]]
name = "scopeguard"
version = "1.1.0"
source = "registry+https://github.com/rust-lang/crates.io-index"
checksum = "d29ab0c6d3fc0ee92fe66e2d99f700eab17a8d57d1c1d3b748380fb20baa78cd"

[[package]]
name = "semver"
version = "0.1.20"
source = "registry+https://github.com/rust-lang/crates.io-index"
checksum = "d4f410fedcf71af0345d7607d246e7ad15faaadd49d240ee3b24e5dc21a820ac"

[[package]]
name = "serde"
version = "1.0.130"
source = "registry+https://github.com/rust-lang/crates.io-index"
checksum = "f12d06de37cf59146fbdecab66aa99f9fe4f78722e3607577a5375d66bd0c913"
dependencies = [
 "serde_derive",
]

[[package]]
name = "serde_derive"
version = "1.0.130"
source = "registry+https://github.com/rust-lang/crates.io-index"
checksum = "d7bc1a1ab1961464eae040d96713baa5a724a8152c1222492465b54322ec508b"
dependencies = [
 "proc-macro2",
 "quote",
 "syn",
]

[[package]]
name = "serde_json"
version = "1.0.68"
source = "registry+https://github.com/rust-lang/crates.io-index"
checksum = "0f690853975602e1bfe1ccbf50504d67174e3bcf340f23b5ea9992e0587a52d8"
dependencies = [
 "itoa",
 "ryu",
 "serde",
]

[[package]]
name = "shlex"
version = "0.1.1"
source = "registry+https://github.com/rust-lang/crates.io-index"
checksum = "7fdf1b9db47230893d76faad238fd6097fd6d6a9245cd7a4d90dbd639536bbd2"

[[package]]
name = "simba"
version = "0.5.1"
source = "registry+https://github.com/rust-lang/crates.io-index"
checksum = "8e82063457853d00243beda9952e910b82593e4b07ae9f721b9278a99a0d3d5c"
dependencies = [
 "approx 0.5.0",
 "num-complex 0.4.0",
 "num-traits",
 "paste",
]

[[package]]
name = "smallvec"
version = "1.6.1"
source = "registry+https://github.com/rust-lang/crates.io-index"
checksum = "fe0f37c9e8f3c5a4a66ad655a93c74daac4ad00c441533bf5c6e7990bb42604e"
dependencies = [
 "serde",
]

[[package]]
name = "smartcore"
version = "0.2.0"
source = "registry+https://github.com/rust-lang/crates.io-index"
checksum = "4473b714a9bc8c1baf0fc4b75baf6fbde09532ee52b3709a5d45d7300066f953"
dependencies = [
 "num",
 "num-traits",
 "rand 0.7.3",
 "rand_distr 0.3.0",
 "serde",
 "serde_derive",
]

[[package]]
name = "special"
version = "0.8.1"
source = "registry+https://github.com/rust-lang/crates.io-index"
checksum = "24a65e074159b75dcf173a4733ab2188baac24967b5c8ec9ed87ae15fcbc7636"
dependencies = [
 "libc",
]

[[package]]
name = "statrs"
version = "0.15.0"
source = "registry+https://github.com/rust-lang/crates.io-index"
checksum = "05bdbb8e4e78216a85785a85d3ec3183144f98d0097b9281802c019bb07a6f05"
dependencies = [
 "approx 0.5.0",
 "lazy_static",
 "nalgebra",
 "num-traits",
 "rand 0.8.4",
]

[[package]]
name = "strsim"
version = "0.8.0"
source = "registry+https://github.com/rust-lang/crates.io-index"
checksum = "8ea5119cdb4c55b55d432abb513a0429384878c15dde60cc77b1c99de1a95a6a"

[[package]]
name = "strum"
version = "0.21.0"
source = "registry+https://github.com/rust-lang/crates.io-index"
checksum = "aaf86bbcfd1fa9670b7a129f64fc0c9fcbbfe4f1bc4210e9e98fe71ffc12cde2"

[[package]]
name = "strum_macros"
version = "0.20.1"
source = "registry+https://github.com/rust-lang/crates.io-index"
checksum = "ee8bc6b87a5112aeeab1f4a9f7ab634fe6cbefc4850006df31267f4cfb9e3149"
dependencies = [
 "heck",
 "proc-macro2",
 "quote",
 "syn",
]

[[package]]
name = "strum_macros"
version = "0.21.1"
source = "registry+https://github.com/rust-lang/crates.io-index"
checksum = "d06aaeeee809dbc59eb4556183dd927df67db1540de5be8d3ec0b6636358a5ec"
dependencies = [
 "heck",
 "proc-macro2",
 "quote",
 "syn",
]

[[package]]
name = "syn"
version = "1.0.76"
source = "registry+https://github.com/rust-lang/crates.io-index"
checksum = "c6f107db402c2c2055242dbf4d2af0e69197202e9faacbef9571bbe47f5a1b84"
dependencies = [
 "proc-macro2",
 "quote",
 "unicode-xid",
]

[[package]]
name = "tempfile"
version = "3.2.0"
source = "registry+https://github.com/rust-lang/crates.io-index"
checksum = "dac1c663cfc93810f88aed9b8941d48cabf856a1b111c29a40439018d870eb22"
dependencies = [
 "cfg-if 1.0.0",
 "libc",
 "rand 0.8.4",
 "redox_syscall",
 "remove_dir_all",
 "winapi",
]

[[package]]
name = "termcolor"
version = "1.1.2"
source = "registry+https://github.com/rust-lang/crates.io-index"
checksum = "2dfed899f0eb03f32ee8c6a0aabdb8a7949659e3466561fc0adf54e26d88c5f4"
dependencies = [
 "winapi-util",
]

[[package]]
name = "textwrap"
version = "0.11.0"
source = "registry+https://github.com/rust-lang/crates.io-index"
checksum = "d326610f408c7a4eb6f51c37c330e496b08506c9457c9d34287ecc38809fb060"
dependencies = [
 "unicode-width",
]

[[package]]
name = "thiserror"
version = "1.0.29"
source = "registry+https://github.com/rust-lang/crates.io-index"
checksum = "602eca064b2d83369e2b2f34b09c70b605402801927c65c11071ac911d299b88"
dependencies = [
 "thiserror-impl",
]

[[package]]
name = "thiserror-impl"
version = "1.0.29"
source = "registry+https://github.com/rust-lang/crates.io-index"
checksum = "bad553cc2c78e8de258400763a647e80e6d1b31ee237275d756f6836d204494c"
dependencies = [
 "proc-macro2",
 "quote",
 "syn",
]

[[package]]
name = "tinyvec"
version = "1.5.0"
source = "registry+https://github.com/rust-lang/crates.io-index"
checksum = "f83b2a3d4d9091d0abd7eba4dc2710b1718583bd4d8992e2190720ea38f391f7"
dependencies = [
 "tinyvec_macros",
]

[[package]]
name = "tinyvec_macros"
version = "0.1.0"
source = "registry+https://github.com/rust-lang/crates.io-index"
checksum = "cda74da7e1a664f795bb1f8a87ec406fb89a02522cf6e50620d016add6dbbf5c"

[[package]]
name = "toml"
version = "0.5.8"
source = "registry+https://github.com/rust-lang/crates.io-index"
checksum = "a31142970826733df8241ef35dc040ef98c679ab14d7c3e54d827099b3acecaa"
dependencies = [
 "serde",
]

[[package]]
name = "triple_accel"
version = "0.4.0"
source = "registry+https://github.com/rust-lang/crates.io-index"
checksum = "22048bc95dfb2ffd05b1ff9a756290a009224b60b2f0e7525faeee7603851e63"

[[package]]
name = "typenum"
version = "1.14.0"
source = "registry+https://github.com/rust-lang/crates.io-index"
checksum = "b63708a265f51345575b27fe43f9500ad611579e764c79edbc2037b1121959ec"

[[package]]
name = "unicode-bidi"
version = "0.3.7"
source = "registry+https://github.com/rust-lang/crates.io-index"
checksum = "1a01404663e3db436ed2746d9fefef640d868edae3cceb81c3b8d5732fda678f"

[[package]]
name = "unicode-normalization"
version = "0.1.19"
source = "registry+https://github.com/rust-lang/crates.io-index"
checksum = "d54590932941a9e9266f0832deed84ebe1bf2e4c9e4a3554d393d18f5e854bf9"
dependencies = [
 "tinyvec",
]

[[package]]
name = "unicode-segmentation"
version = "1.8.0"
source = "registry+https://github.com/rust-lang/crates.io-index"
checksum = "8895849a949e7845e06bd6dc1aa51731a103c42707010a5b591c0038fb73385b"

[[package]]
name = "unicode-width"
version = "0.1.9"
source = "registry+https://github.com/rust-lang/crates.io-index"
checksum = "3ed742d4ea2bd1176e236172c8429aaf54486e7ac098db29ffe6529e0ce50973"

[[package]]
name = "unicode-xid"
version = "0.2.2"
source = "registry+https://github.com/rust-lang/crates.io-index"
checksum = "8ccb82d61f80a663efe1f787a51b16b5a51e3314d6ac365b08639f52387b33f3"

[[package]]
name = "url"
version = "2.2.2"
source = "registry+https://github.com/rust-lang/crates.io-index"
checksum = "a507c383b2d33b5fc35d1861e77e6b383d158b2da5e14fe51b83dfedf6fd578c"
dependencies = [
 "form_urlencoded",
 "idna",
 "matches",
 "percent-encoding",
]

[[package]]
name = "vcpkg"
version = "0.2.15"
source = "registry+https://github.com/rust-lang/crates.io-index"
checksum = "accd4ea62f7bb7a82fe23066fb0957d48ef677f6eeb8215f372f52e48bb32426"

[[package]]
name = "vec_map"
version = "0.8.2"
source = "registry+https://github.com/rust-lang/crates.io-index"
checksum = "f1bddf1187be692e79c5ffeab891132dfb0f236ed36a43c7ed39f1165ee20191"
dependencies = [
 "serde",
]

[[package]]
name = "version_check"
version = "0.9.3"
source = "registry+https://github.com/rust-lang/crates.io-index"
checksum = "5fecdca9a5291cc2b8dcf7dc02453fee791a280f3743cb0905f8822ae463b3fe"

[[package]]
name = "walkdir"
version = "2.3.2"
source = "registry+https://github.com/rust-lang/crates.io-index"
checksum = "808cf2735cd4b6866113f648b791c6adc5714537bc222d9347bb203386ffda56"
dependencies = [
 "same-file",
 "winapi",
 "winapi-util",
]

[[package]]
name = "wasi"
version = "0.9.0+wasi-snapshot-preview1"
source = "registry+https://github.com/rust-lang/crates.io-index"
checksum = "cccddf32554fecc6acb585f82a32a72e28b48f8c4c1883ddfeeeaa96f7d8e519"

[[package]]
name = "wasi"
version = "0.10.2+wasi-snapshot-preview1"
source = "registry+https://github.com/rust-lang/crates.io-index"
checksum = "fd6fbd9a79829dd1ad0cc20627bf1ed606756a7f77edff7b66b7064f9cb327c6"

[[package]]
name = "which"
version = "3.1.1"
source = "registry+https://github.com/rust-lang/crates.io-index"
checksum = "d011071ae14a2f6671d0b74080ae0cd8ebf3a6f8c9589a2cd45f23126fe29724"
dependencies = [
 "libc",
]

[[package]]
name = "winapi"
version = "0.3.9"
source = "registry+https://github.com/rust-lang/crates.io-index"
checksum = "5c839a674fcd7a98952e593242ea400abe93992746761e38641405d28b00f419"
dependencies = [
 "winapi-i686-pc-windows-gnu",
 "winapi-x86_64-pc-windows-gnu",
]

[[package]]
name = "winapi-i686-pc-windows-gnu"
version = "0.4.0"
source = "registry+https://github.com/rust-lang/crates.io-index"
checksum = "ac3b87c63620426dd9b991e5ce0329eff545bccbbb34f3be09ff6fb6ab51b7b6"

[[package]]
name = "winapi-util"
version = "0.1.5"
source = "registry+https://github.com/rust-lang/crates.io-index"
checksum = "70ec6ce85bb158151cae5e5c87f95a8e97d2c0c4b001223f33a334e3ce5de178"
dependencies = [
 "winapi",
]

[[package]]
name = "winapi-x86_64-pc-windows-gnu"
version = "0.4.0"
source = "registry+https://github.com/rust-lang/crates.io-index"
checksum = "712e227841d057c1ee1cd2fb22fa7e5a5461ae8e48fa2ca79ec42cfc1931183f"

[[package]]
name = "wyhash"
version = "0.5.0"
source = "registry+https://github.com/rust-lang/crates.io-index"
checksum = "baf6e163c25e3fac820b4b453185ea2dea3b6a3e0a721d4d23d75bd33734c295"
dependencies = [
 "rand_core 0.6.3",
]
